
Microsoft Visual Studio Solution File, Format Version 12.00
# Visual Studio Version 16
VisualStudioVersion = 16.0.30114.105
MinimumVisualStudioVersion = 10.0.40219.1
Project("{FAE04EC0-301F-11D3-BF4B-00C04F79EFBC}") = "CodeModifierTool", "CodeModifierTool\CodeModifierTool.csproj", "{1DB229BF-A66D-47D5-B8C0-CE8AD9D4DE2D}"
EndProject
Global
	GlobalSection(SolutionConfigurationPlatforms) = preSolution
		Debug|Any CPU = Debug|Any CPU
		Release|Any CPU = Release|Any CPU
	EndGlobalSection
	GlobalSection(ProjectConfigurationPlatforms) = postSolution
		{1DB229BF-A66D-47D5-B8C0-CE8AD9D4DE2D}.Debug|Any CPU.ActiveCfg = Debug|Any CPU
		{1DB229BF-A66D-47D5-B8C0-CE8AD9D4DE2D}.Debug|Any CPU.Build.0 = Debug|Any CPU
		{1DB229BF-A66D-47D5-B8C0-CE8AD9D4DE2D}.Release|Any CPU.ActiveCfg = Release|Any CPU
		{1DB229BF-A66D-47D5-B8C0-CE8AD9D4DE2D}.Release|Any CPU.Build.0 = Release|Any CPU
	EndGlobalSection
	GlobalSection(SolutionProperties) = preSolution
		HideSolutionNode = FALSE
	EndGlobalSection
	GlobalSection(ExtensibilityGlobals) = postSolution
		SolutionGuid = {792EA496-749A-4546-A1E4-FFD6C6E18D9F}
	EndGlobalSection
EndGlobal
